
Microsoft Visual Studio Solution File, Format Version 12.00
# Visual Studio Version 16
VisualStudioVersion = 16.0.29709.97
MinimumVisualStudioVersion = 10.0.40219.1
Project("{FAE04EC0-301F-11D3-BF4B-00C04F79EFBC}") = "ReservationProcessor", "ReservationProcessor\ReservationProcessor.csproj", "{989A212E-116A-44C0-AE15-D76836288C17}"
EndProject
Project("{9A19103F-16F7-4668-BE54-9A1E7A4F7556}") = "RabbitMqUtils", "bes200-rabbitmqutils\RabbitMqUtils.csproj", "{68687846-D6D1-49D3-9DBC-AE2490EC00EB}"
EndProject
Global
	GlobalSection(SolutionConfigurationPlatforms) = preSolution
		Debug|Any CPU = Debug|Any CPU
		Release|Any CPU = Release|Any CPU
	EndGlobalSection
	GlobalSection(ProjectConfigurationPlatforms) = postSolution
		{989A212E-116A-44C0-AE15-D76836288C17}.Debug|Any CPU.ActiveCfg = Debug|Any CPU
		{989A212E-116A-44C0-AE15-D76836288C17}.Debug|Any CPU.Build.0 = Debug|Any CPU
		{989A212E-116A-44C0-AE15-D76836288C17}.Release|Any CPU.ActiveCfg = Release|Any CPU
		{989A212E-116A-44C0-AE15-D76836288C17}.Release|Any CPU.Build.0 = Release|Any CPU
		{68687846-D6D1-49D3-9DBC-AE2490EC00EB}.Debug|Any CPU.ActiveCfg = Debug|Any CPU
		{68687846-D6D1-49D3-9DBC-AE2490EC00EB}.Debug|Any CPU.Build.0 = Debug|Any CPU
		{68687846-D6D1-49D3-9DBC-AE2490EC00EB}.Release|Any CPU.ActiveCfg = Release|Any CPU
		{68687846-D6D1-49D3-9DBC-AE2490EC00EB}.Release|Any CPU.Build.0 = Release|Any CPU
	EndGlobalSection
	GlobalSection(SolutionProperties) = preSolution
		HideSolutionNode = FALSE
	EndGlobalSection
	GlobalSection(ExtensibilityGlobals) = postSolution
		SolutionGuid = {9256DB9A-8BEC-4397-BA7C-BEF60F1268E4}
	EndGlobalSection
EndGlobal
